{
	"name": "image-codec-analyzer",
	"version": "1.0.0",
	"lockfileVersion": 1,
	"requires": true,
	"dependencies": {
		"@saschazar/wasm-webp": {
			"version": "2.0.0",
			"resolved": "https://registry.npmjs.org/@saschazar/wasm-webp/-/wasm-webp-2.0.0.tgz",
			"integrity": "sha512-7Tdy7w91nGcOWDhHI8z3W9In0/ga43RbNtXcvH5B3/0WTN8ANM3XVWVyKyldfZ1hA+KZePumZUy2rmqjDITUsw=="
		}
	}
}
